
Microsoft Visual Studio Solution File, Format Version 12.00
# Visual Studio Version 17
VisualStudioVersion = 17.5.33414.496
MinimumVisualStudioVersion = 10.0.40219.1
Project("{FAE04EC0-301F-11D3-BF4B-00C04F79EFBC}") = "testlib", "testlib.csproj", "{DFD82274-2596-472B-B70C-23EFCBC00326}"
EndProject
Project("{9A19103F-16F7-4668-BE54-9A1E7A4F7556}") = "TestConsoleApp", "..\TestConsoleApp\TestConsoleApp.csproj", "{891E7B67-02CE-4E4F-A3DE-C96E05E471B6}"
EndProject
Global
	GlobalSection(SolutionConfigurationPlatforms) = preSolution
		Debug|Any CPU = Debug|Any CPU
		Release|Any CPU = Release|Any CPU
	EndGlobalSection
	GlobalSection(ProjectConfigurationPlatforms) = postSolution
		{DFD82274-2596-472B-B70C-23EFCBC00326}.Debug|Any CPU.ActiveCfg = Debug|Any CPU
		{DFD82274-2596-472B-B70C-23EFCBC00326}.Debug|Any CPU.Build.0 = Debug|Any CPU
		{DFD82274-2596-472B-B70C-23EFCBC00326}.Release|Any CPU.ActiveCfg = Release|Any CPU
		{DFD82274-2596-472B-B70C-23EFCBC00326}.Release|Any CPU.Build.0 = Release|Any CPU
		{891E7B67-02CE-4E4F-A3DE-C96E05E471B6}.Debug|Any CPU.ActiveCfg = Debug|Any CPU
		{891E7B67-02CE-4E4F-A3DE-C96E05E471B6}.Debug|Any CPU.Build.0 = Debug|Any CPU
		{891E7B67-02CE-4E4F-A3DE-C96E05E471B6}.Release|Any CPU.ActiveCfg = Release|Any CPU
		{891E7B67-02CE-4E4F-A3DE-C96E05E471B6}.Release|Any CPU.Build.0 = Release|Any CPU
	EndGlobalSection
	GlobalSection(SolutionProperties) = preSolution
		HideSolutionNode = FALSE
	EndGlobalSection
	GlobalSection(ExtensibilityGlobals) = postSolution
		SolutionGuid = {39F70EFA-7634-457A-AFF7-599363050C4E}
	EndGlobalSection
EndGlobal
